Microsoft Visual Studio Solution File, Format Version 12.00
# Visual Studio Version 17
VisualStudioVersion = 17.5.2.0
MinimumVisualStudioVersion = 10.0.40219.1
Project("{FAE04EC0-301F-11D3-BF4B-00C04F79EFBC}") = "FileAccessSystem", "FileAccessSystem.csproj", "{4B9BD9AA-3512-55D0-D2E4-C221C06BD34F}"
EndProject
Global
	GlobalSection(SolutionConfigurationPlatforms) = preSolution
		Debug|Any CPU = Debug|Any CPU
		Release|Any CPU = Release|Any CPU
	EndGlobalSection
	GlobalSection(ProjectConfigurationPlatforms) = postSolution
		{4B9BD9AA-3512-55D0-D2E4-C221C06BD34F}.Debug|Any CPU.ActiveCfg = Debug|Any CPU
		{4B9BD9AA-3512-55D0-D2E4-C221C06BD34F}.Debug|Any CPU.Build.0 = Debug|Any CPU
		{4B9BD9AA-3512-55D0-D2E4-C221C06BD34F}.Release|Any CPU.ActiveCfg = Release|Any CPU
		{4B9BD9AA-3512-55D0-D2E4-C221C06BD34F}.Release|Any CPU.Build.0 = Release|Any CPU
	EndGlobalSection
	GlobalSection(SolutionProperties) = preSolution
		HideSolutionNode = FALSE
	EndGlobalSection
	GlobalSection(ExtensibilityGlobals) = postSolution
		SolutionGuid = {ACEAEF5D-B18B-462D-BC78-E88B39BEBCDC}
	EndGlobalSection
EndGlobal
